
Microsoft Visual Studio Solution File, Format Version 12.00
# Visual Studio Version 16
VisualStudioVersion = 16.0.31515.178
MinimumVisualStudioVersion = 10.0.40219.1
Project("{FAE04EC0-301F-11D3-BF4B-00C04F79EFBC}") = "AT 2 BD1-INW-LP1-PDS - SARAH - MARIANA - HELOISA", "AT 2 BD1-INW-LP1-PDS - SARAH - MARIANA - HELOISA\AT 2 BD1-INW-LP1-PDS - SARAH - MARIANA - HELOISA.csproj", "{6E303A0C-1D4D-4A08-9DD5-D2D96FCC298B}"
EndProject
Global
	GlobalSection(SolutionConfigurationPlatforms) = preSolution
		Debug|Any CPU = Debug|Any CPU
		Release|Any CPU = Release|Any CPU
	EndGlobalSection
	GlobalSection(ProjectConfigurationPlatforms) = postSolution
		{6E303A0C-1D4D-4A08-9DD5-D2D96FCC298B}.Debug|Any CPU.ActiveCfg = Debug|Any CPU
		{6E303A0C-1D4D-4A08-9DD5-D2D96FCC298B}.Debug|Any CPU.Build.0 = Debug|Any CPU
		{6E303A0C-1D4D-4A08-9DD5-D2D96FCC298B}.Release|Any CPU.ActiveCfg = Release|Any CPU
		{6E303A0C-1D4D-4A08-9DD5-D2D96FCC298B}.Release|Any CPU.Build.0 = Release|Any CPU
	EndGlobalSection
	GlobalSection(SolutionProperties) = preSolution
		HideSolutionNode = FALSE
	EndGlobalSection
	GlobalSection(ExtensibilityGlobals) = postSolution
		SolutionGuid = {847888AD-044D-4337-BDF5-F9792C3A5B79}
	EndGlobalSection
EndGlobal
